
Microsoft Visual Studio Solution File, Format Version 12.00
# Visual Studio Version 17
VisualStudioVersion = 17.0.31521.260
MinimumVisualStudioVersion = 10.0.40219.1
Project("{FAE04EC0-301F-11D3-BF4B-00C04F79EFBC}") = "ds.Tutorial.web", "ds.Tutorial.web\ds.Tutorial.web.csproj", "{070018A7-AC1B-4C86-922A-CF5C393000CB}"
EndProject
Global
	GlobalSection(SolutionConfigurationPlatforms) = preSolution
		Debug|Any CPU = Debug|Any CPU
		Release|Any CPU = Release|Any CPU
	EndGlobalSection
	GlobalSection(ProjectConfigurationPlatforms) = postSolution
		{070018A7-AC1B-4C86-922A-CF5C393000CB}.Debug|Any CPU.ActiveCfg = Debug|Any CPU
		{070018A7-AC1B-4C86-922A-CF5C393000CB}.Debug|Any CPU.Build.0 = Debug|Any CPU
		{070018A7-AC1B-4C86-922A-CF5C393000CB}.Release|Any CPU.ActiveCfg = Release|Any CPU
		{070018A7-AC1B-4C86-922A-CF5C393000CB}.Release|Any CPU.Build.0 = Release|Any CPU
	EndGlobalSection
	GlobalSection(SolutionProperties) = preSolution
		HideSolutionNode = FALSE
	EndGlobalSection
	GlobalSection(ExtensibilityGlobals) = postSolution
		SolutionGuid = {7A152724-061F-4FED-B63B-07818CA133D7}
	EndGlobalSection
EndGlobal
