
Microsoft Visual Studio Solution File, Format Version 12.00
# Visual Studio Version 17
VisualStudioVersion = 17.0.31521.260
MinimumVisualStudioVersion = 10.0.40219.1
Project("{9A19103F-16F7-4668-BE54-9A1E7A4F7556}") = "ds.Tutorial.web", "ds.Tutorial.web\ds.Tutorial.web.csproj", "{070018A7-AC1B-4C86-922A-CF5C393000CB}"
EndProject
Project("{9A19103F-16F7-4668-BE54-9A1E7A4F7556}") = "ds.Tutorial.Model", "ds.Tutorial.Model\ds.Tutorial.Model.csproj", "{E8B36C5B-1B93-4770-8154-2689C980C660}"
EndProject
Project("{FAE04EC0-301F-11D3-BF4B-00C04F79EFBC}") = "TestFunction", "TestFunction\TestFunction.csproj", "{E6D28E5D-F3B9-4B30-8914-D94D8E7A196B}"
EndProject
Global
	GlobalSection(SolutionConfigurationPlatforms) = preSolution
		Debug|Any CPU = Debug|Any CPU
		Release|Any CPU = Release|Any CPU
	EndGlobalSection
	GlobalSection(ProjectConfigurationPlatforms) = postSolution
		{070018A7-AC1B-4C86-922A-CF5C393000CB}.Debug|Any CPU.ActiveCfg = Debug|Any CPU
		{070018A7-AC1B-4C86-922A-CF5C393000CB}.Debug|Any CPU.Build.0 = Debug|Any CPU
		{070018A7-AC1B-4C86-922A-CF5C393000CB}.Release|Any CPU.ActiveCfg = Release|Any CPU
		{070018A7-AC1B-4C86-922A-CF5C393000CB}.Release|Any CPU.Build.0 = Release|Any CPU
		{E8B36C5B-1B93-4770-8154-2689C980C660}.Debug|Any CPU.ActiveCfg = Debug|Any CPU
		{E8B36C5B-1B93-4770-8154-2689C980C660}.Debug|Any CPU.Build.0 = Debug|Any CPU
		{E8B36C5B-1B93-4770-8154-2689C980C660}.Release|Any CPU.ActiveCfg = Release|Any CPU
		{E8B36C5B-1B93-4770-8154-2689C980C660}.Release|Any CPU.Build.0 = Release|Any CPU
		{E6D28E5D-F3B9-4B30-8914-D94D8E7A196B}.Debug|Any CPU.ActiveCfg = Debug|Any CPU
		{E6D28E5D-F3B9-4B30-8914-D94D8E7A196B}.Debug|Any CPU.Build.0 = Debug|Any CPU
		{E6D28E5D-F3B9-4B30-8914-D94D8E7A196B}.Release|Any CPU.ActiveCfg = Release|Any CPU
		{E6D28E5D-F3B9-4B30-8914-D94D8E7A196B}.Release|Any CPU.Build.0 = Release|Any CPU
	EndGlobalSection
	GlobalSection(SolutionProperties) = preSolution
		HideSolutionNode = FALSE
	EndGlobalSection
	GlobalSection(ExtensibilityGlobals) = postSolution
		SolutionGuid = {7A152724-061F-4FED-B63B-07818CA133D7}
	EndGlobalSection
EndGlobal
